
Microsoft Visual Studio Solution File, Format Version 12.00
# Visual Studio Version 16
VisualStudioVersion = 16.0.32126.315
MinimumVisualStudioVersion = 10.0.40219.1
Project("{FAE04EC0-301F-11D3-BF4B-00C04F79EFBC}") = "VisualProgLab3test", "VisualProgLab3test\VisualProgLab3test.csproj", "{10BDA388-6E2F-4E87-AD24-34DC07A894A9}"
EndProject
Project("{FAE04EC0-301F-11D3-BF4B-00C04F79EFBC}") = "TestProject1", "TestProject1\TestProject1.csproj", "{19B60663-0134-4B4B-AE33-AEFB06A39EEC}"
EndProject
Global
	GlobalSection(SolutionConfigurationPlatforms) = preSolution
		Debug|Any CPU = Debug|Any CPU
		Release|Any CPU = Release|Any CPU
	EndGlobalSection
	GlobalSection(ProjectConfigurationPlatforms) = postSolution
		{10BDA388-6E2F-4E87-AD24-34DC07A894A9}.Debug|Any CPU.ActiveCfg = Debug|Any CPU
		{10BDA388-6E2F-4E87-AD24-34DC07A894A9}.Debug|Any CPU.Build.0 = Debug|Any CPU
		{10BDA388-6E2F-4E87-AD24-34DC07A894A9}.Release|Any CPU.ActiveCfg = Release|Any CPU
		{10BDA388-6E2F-4E87-AD24-34DC07A894A9}.Release|Any CPU.Build.0 = Release|Any CPU
		{19B60663-0134-4B4B-AE33-AEFB06A39EEC}.Debug|Any CPU.ActiveCfg = Debug|Any CPU
		{19B60663-0134-4B4B-AE33-AEFB06A39EEC}.Debug|Any CPU.Build.0 = Debug|Any CPU
		{19B60663-0134-4B4B-AE33-AEFB06A39EEC}.Release|Any CPU.ActiveCfg = Release|Any CPU
		{19B60663-0134-4B4B-AE33-AEFB06A39EEC}.Release|Any CPU.Build.0 = Release|Any CPU
	EndGlobalSection
	GlobalSection(SolutionProperties) = preSolution
		HideSolutionNode = FALSE
	EndGlobalSection
	GlobalSection(ExtensibilityGlobals) = postSolution
		SolutionGuid = {53E816F9-3FF1-42D6-B69D-912A919407CC}
	EndGlobalSection
EndGlobal
